
Microsoft Visual Studio Solution File, Format Version 12.00
# Visual Studio Version 17
VisualStudioVersion = 17.4.33110.190
MinimumVisualStudioVersion = 10.0.40219.1
Project("{2150E333-8FDC-42A3-9474-1A3956D46DE8}") = "01-FrontEnd", "01-FrontEnd", "{7B00191E-2974-42EE-99F3-32330FA7348E}"
EndProject
Project("{2150E333-8FDC-42A3-9474-1A3956D46DE8}") = "02-MicroServices", "02-MicroServices", "{B6BFCE64-F663-4049-A291-974406AA97FE}"
EndProject
Project("{2150E333-8FDC-42A3-9474-1A3956D46DE8}") = "03-Shared", "03-Shared", "{C6382728-2C29-45CF-965F-E8F4CCDCC1D7}"
EndProject
Project("{2150E333-8FDC-42A3-9474-1A3956D46DE8}") = "03.03-Database", "03.03-Database", "{67D204FD-A772-497E-AFDF-4809066AE417}"
EndProject
Project("{2150E333-8FDC-42A3-9474-1A3956D46DE8}") = "03.04-Data", "03.04-Data", "{D2C71383-B3CE-4B41-8DBD-1B4CFA024570}"
EndProject
Project("{2150E333-8FDC-42A3-9474-1A3956D46DE8}") = "03.02-Domain", "03.02-Domain", "{37E6336C-DCED-4548-BED0-65F77D6C4803}"
EndProject
Project("{2150E333-8FDC-42A3-9474-1A3956D46DE8}") = "03.01-Services", "03.01-Services", "{6689C7C7-9051-408B-8421-EDD89C9C2ECE}"
EndProject
Project("{9A19103F-16F7-4668-BE54-9A1E7A4F7556}") = "GeekShopping.Web", "Src\GeekShopping.Web\GeekShopping.Web.csproj", "{975A14C3-EC54-47A1-BAD7-2FCB83E0B5F9}"
EndProject
Project("{9A19103F-16F7-4668-BE54-9A1E7A4F7556}") = "GeekShopping.ProductApi", "Src\GeekShopping.ProductApi\GeekShopping.ProductApi.csproj", "{51E00C09-0AFA-4B5E-9ABD-F8762C145529}"
EndProject
Project("{9A19103F-16F7-4668-BE54-9A1E7A4F7556}") = "GeekShopping.Shared.Services", "Src\GeekShopping.Shared.Services\GeekShopping.Shared.Services.csproj", "{57D265D2-EA71-4D77-B049-FB275ED04965}"
EndProject
Project("{9A19103F-16F7-4668-BE54-9A1E7A4F7556}") = "GeekShopping.Shared.Domain", "Src\GeekShopping.Shared.Domain\GeekShopping.Shared.Domain.csproj", "{DE0E41CF-A3A3-4E88-BE8A-5A3DD2BBF60A}"
EndProject
Project("{9A19103F-16F7-4668-BE54-9A1E7A4F7556}") = "GeekShopping.Shared.Database", "Src\GeekShopping.Shared.Database\GeekShopping.Shared.Database.csproj", "{2CC30E31-3576-48D7-AE7C-4072B71CAAEC}"
EndProject
Project("{9A19103F-16F7-4668-BE54-9A1E7A4F7556}") = "GeekShopping.Shared.Data", "Src\GeekShopping.Shared.Data\GeekShopping.Shared.Data.csproj", "{FBEBE6E1-F66C-4EB2-8BCF-FAB14FA4CA7C}"
EndProject
Project("{2150E333-8FDC-42A3-9474-1A3956D46DE8}") = "03.05-Auth", "03.05-Auth", "{40BB9279-F378-4107-B434-9DDCD86FAFE8}"
EndProject
Project("{FAE04EC0-301F-11D3-BF4B-00C04F79EFBC}") = "GeekShopping.Shared.Auth", "Src\GeekShopping.Shared.Auth\GeekShopping.Shared.Auth.csproj", "{E0D792FE-6F3D-44CE-BD90-F3D8E8AF059D}"
EndProject
Global
	GlobalSection(SolutionConfigurationPlatforms) = preSolution
		Debug|Any CPU = Debug|Any CPU
		Release|Any CPU = Release|Any CPU
	EndGlobalSection
	GlobalSection(ProjectConfigurationPlatforms) = postSolution
		{975A14C3-EC54-47A1-BAD7-2FCB83E0B5F9}.Debug|Any CPU.ActiveCfg = Debug|Any CPU
		{975A14C3-EC54-47A1-BAD7-2FCB83E0B5F9}.Debug|Any CPU.Build.0 = Debug|Any CPU
		{975A14C3-EC54-47A1-BAD7-2FCB83E0B5F9}.Release|Any CPU.ActiveCfg = Release|Any CPU
		{975A14C3-EC54-47A1-BAD7-2FCB83E0B5F9}.Release|Any CPU.Build.0 = Release|Any CPU
		{51E00C09-0AFA-4B5E-9ABD-F8762C145529}.Debug|Any CPU.ActiveCfg = Debug|Any CPU
		{51E00C09-0AFA-4B5E-9ABD-F8762C145529}.Debug|Any CPU.Build.0 = Debug|Any CPU
		{51E00C09-0AFA-4B5E-9ABD-F8762C145529}.Release|Any CPU.ActiveCfg = Release|Any CPU
		{51E00C09-0AFA-4B5E-9ABD-F8762C145529}.Release|Any CPU.Build.0 = Release|Any CPU
		{57D265D2-EA71-4D77-B049-FB275ED04965}.Debug|Any CPU.ActiveCfg = Debug|Any CPU
		{57D265D2-EA71-4D77-B049-FB275ED04965}.Debug|Any CPU.Build.0 = Debug|Any CPU
		{57D265D2-EA71-4D77-B049-FB275ED04965}.Release|Any CPU.ActiveCfg = Release|Any CPU
		{57D265D2-EA71-4D77-B049-FB275ED04965}.Release|Any CPU.Build.0 = Release|Any CPU
		{DE0E41CF-A3A3-4E88-BE8A-5A3DD2BBF60A}.Debug|Any CPU.ActiveCfg = Debug|Any CPU
		{DE0E41CF-A3A3-4E88-BE8A-5A3DD2BBF60A}.Debug|Any CPU.Build.0 = Debug|Any CPU
		{DE0E41CF-A3A3-4E88-BE8A-5A3DD2BBF60A}.Release|Any CPU.ActiveCfg = Release|Any CPU
		{DE0E41CF-A3A3-4E88-BE8A-5A3DD2BBF60A}.Release|Any CPU.Build.0 = Release|Any CPU
		{2CC30E31-3576-48D7-AE7C-4072B71CAAEC}.Debug|Any CPU.ActiveCfg = Debug|Any CPU
		{2CC30E31-3576-48D7-AE7C-4072B71CAAEC}.Debug|Any CPU.Build.0 = Debug|Any CPU
		{2CC30E31-3576-48D7-AE7C-4072B71CAAEC}.Release|Any CPU.ActiveCfg = Release|Any CPU
		{2CC30E31-3576-48D7-AE7C-4072B71CAAEC}.Release|Any CPU.Build.0 = Release|Any CPU
		{FBEBE6E1-F66C-4EB2-8BCF-FAB14FA4CA7C}.Debug|Any CPU.ActiveCfg = Debug|Any CPU
		{FBEBE6E1-F66C-4EB2-8BCF-FAB14FA4CA7C}.Debug|Any CPU.Build.0 = Debug|Any CPU
		{FBEBE6E1-F66C-4EB2-8BCF-FAB14FA4CA7C}.Release|Any CPU.ActiveCfg = Release|Any CPU
		{FBEBE6E1-F66C-4EB2-8BCF-FAB14FA4CA7C}.Release|Any CPU.Build.0 = Release|Any CPU
		{E0D792FE-6F3D-44CE-BD90-F3D8E8AF059D}.Debug|Any CPU.ActiveCfg = Debug|Any CPU
		{E0D792FE-6F3D-44CE-BD90-F3D8E8AF059D}.Debug|Any CPU.Build.0 = Debug|Any CPU
		{E0D792FE-6F3D-44CE-BD90-F3D8E8AF059D}.Release|Any CPU.ActiveCfg = Release|Any CPU
		{E0D792FE-6F3D-44CE-BD90-F3D8E8AF059D}.Release|Any CPU.Build.0 = Release|Any CPU
	EndGlobalSection
	GlobalSection(SolutionProperties) = preSolution
		HideSolutionNode = FALSE
	EndGlobalSection
	GlobalSection(NestedProjects) = preSolution
		{67D204FD-A772-497E-AFDF-4809066AE417} = {C6382728-2C29-45CF-965F-E8F4CCDCC1D7}
		{D2C71383-B3CE-4B41-8DBD-1B4CFA024570} = {C6382728-2C29-45CF-965F-E8F4CCDCC1D7}
		{37E6336C-DCED-4548-BED0-65F77D6C4803} = {C6382728-2C29-45CF-965F-E8F4CCDCC1D7}
		{6689C7C7-9051-408B-8421-EDD89C9C2ECE} = {C6382728-2C29-45CF-965F-E8F4CCDCC1D7}
		{975A14C3-EC54-47A1-BAD7-2FCB83E0B5F9} = {7B00191E-2974-42EE-99F3-32330FA7348E}
		{51E00C09-0AFA-4B5E-9ABD-F8762C145529} = {B6BFCE64-F663-4049-A291-974406AA97FE}
		{57D265D2-EA71-4D77-B049-FB275ED04965} = {6689C7C7-9051-408B-8421-EDD89C9C2ECE}
		{DE0E41CF-A3A3-4E88-BE8A-5A3DD2BBF60A} = {37E6336C-DCED-4548-BED0-65F77D6C4803}
		{2CC30E31-3576-48D7-AE7C-4072B71CAAEC} = {67D204FD-A772-497E-AFDF-4809066AE417}
		{FBEBE6E1-F66C-4EB2-8BCF-FAB14FA4CA7C} = {D2C71383-B3CE-4B41-8DBD-1B4CFA024570}
		{40BB9279-F378-4107-B434-9DDCD86FAFE8} = {C6382728-2C29-45CF-965F-E8F4CCDCC1D7}
		{E0D792FE-6F3D-44CE-BD90-F3D8E8AF059D} = {40BB9279-F378-4107-B434-9DDCD86FAFE8}
	EndGlobalSection
	GlobalSection(ExtensibilityGlobals) = postSolution
		SolutionGuid = {3EA4637F-1537-4EF3-9CBE-59C581537870}
	EndGlobalSection
EndGlobal
